<?xml version="1.0" encoding="utf-8"?>
<Project ToolsVersion="4.0" xmlns="http://schemas.microsoft.com/developer/msbuild/2003">
  <ItemGroup>
    <Filter Include="Archivos de origen">
      <UniqueIdentifier>{4FC737F1-C7A5-4376-A066-2A32D752A2FF}</UniqueIdentifier>
      <Extensions>cpp;c;cc;cxx;c++;cppm;ixx;def;odl;idl;hpj;bat;asm;asmx</Extensions>
    </Filter>
    <Filter Include="Archivos de encabezado">
      <UniqueIdentifier>{93995380-89BD-4b04-88EB-625FBE52EBFB}</UniqueIdentifier>
      <Extensions>h;hh;hpp;hxx;h++;hm;inl;inc;ipp;xsd</Extensions>
    </Filter>
    <Filter Include="Archivos de recursos">
      <UniqueIdentifier>{67DA6AB6-F800-4c08-8B7A-83BB121AAD01}</UniqueIdentifier>
      <Extensions>rc;ico;cur;bmp;dlg;rc2;rct;bin;rgs;gif;jpg;jpeg;jpe;resx;tiff;tif;png;wav;mfcribbon-ms</Extensions>
    </Filter>
    <Filter Include="scenes">
      <UniqueIdentifier>{d081c248-881f-4a06-a834-ae63d278dae7}</UniqueIdentifier>
    </Filter>
    <Filter Include="enemy">
      <UniqueIdentifier>{5c193397-7bf3-493f-9663-8de8caebe009}</UniqueIdentifier>
    </Filter>
    <Filter Include="Player">
      <UniqueIdentifier>{17eb560e-bbaf-4019-b5b2-5a3401d0b8cc}</UniqueIdentifier>
    </Filter>
  </ItemGroup>
  <ItemGroup>
    <ClCompile Include="src\main.cpp">
      <Filter>Archivos de origen</Filter>
    </ClCompile>
    <ClCompile Include="src\GameLoop\GameLoop.cpp">
      <Filter>Archivos de origen</Filter>
    </ClCompile>
    <ClCompile Include="src\Scenes\Menu.cpp">
      <Filter>scenes</Filter>
    </ClCompile>
    <ClCompile Include="src\Scenes\Game.cpp">
      <Filter>scenes</Filter>
    </ClCompile>
    <ClCompile Include="src\Scenes\Credits.cpp">
      <Filter>scenes</Filter>
    </ClCompile>
    <ClCompile Include="src\Enemy\Enemy.cpp">
      <Filter>enemy</Filter>
    </ClCompile>
    <ClCompile Include="src\Player\Player.cpp">
      <Filter>Player</Filter>
    </ClCompile>
    <ClCompile Include="src\Player\Bullet.cpp">
      <Filter>Player</Filter>
    </ClCompile>
  </ItemGroup>
  <ItemGroup>
    <ClInclude Include="src\GameLoop\GameLoop.h">
      <Filter>Archivos de encabezado</Filter>
    </ClInclude>
    <ClInclude Include="src\Scenes\Menu.h">
      <Filter>scenes</Filter>
    </ClInclude>
    <ClInclude Include="src\Scenes\Game.h">
      <Filter>scenes</Filter>
    </ClInclude>
    <ClInclude Include="src\Scenes\Credits.h">
      <Filter>scenes</Filter>
    </ClInclude>
    <ClInclude Include="src\Enemy\Enemy.h">
      <Filter>enemy</Filter>
    </ClInclude>
    <ClInclude Include="src\Player\Player.h">
      <Filter>Player</Filter>
    </ClInclude>
    <ClInclude Include="src\Player\Bullet.h">
      <Filter>Player</Filter>
    </ClInclude>
  </ItemGroup>
</Project>